
Microsoft Visual Studio Solution File, Format Version 12.00
# Visual Studio Express 15 for Windows Desktop
VisualStudioVersion = 15.0.28307.489
MinimumVisualStudioVersion = 10.0.40219.1
Project("{FAE04EC0-301F-11D3-BF4B-00C04F79EFBC}") = "Word Count", "Word Count\Word Count.csproj", "{0E7D5D71-C5E6-4018-9E64-18FC2626E5B1}"
EndProject
Global
	GlobalSection(SolutionConfigurationPlatforms) = preSolution
		Debug|Any CPU = Debug|Any CPU
		Release|Any CPU = Release|Any CPU
	EndGlobalSection
	GlobalSection(ProjectConfigurationPlatforms) = postSolution
		{0E7D5D71-C5E6-4018-9E64-18FC2626E5B1}.Debug|Any CPU.ActiveCfg = Debug|Any CPU
		{0E7D5D71-C5E6-4018-9E64-18FC2626E5B1}.Debug|Any CPU.Build.0 = Debug|Any CPU
		{0E7D5D71-C5E6-4018-9E64-18FC2626E5B1}.Release|Any CPU.ActiveCfg = Release|Any CPU
		{0E7D5D71-C5E6-4018-9E64-18FC2626E5B1}.Release|Any CPU.Build.0 = Release|Any CPU
	EndGlobalSection
	GlobalSection(SolutionProperties) = preSolution
		HideSolutionNode = FALSE
	EndGlobalSection
	GlobalSection(ExtensibilityGlobals) = postSolution
		SolutionGuid = {E9440B08-6E77-4425-BFBE-12062AFF6F1A}
	EndGlobalSection
EndGlobal
